{
    "name": "business-case-improvement-tool",
    "lockfileVersion": 3,
    "requires": true,
    "packages": {
        "": {
            "name": "business-case-improvement-tool",
            "dependencies": {
                "hmrc-frontend": "6.95.0"
            }
        },
        "node_modules/accessible-autocomplete": {
            "version": "3.0.1",
            "resolved": "https://registry.npmjs.org/accessible-autocomplete/-/accessible-autocomplete-3.0.1.tgz",
            "integrity": "sha512-xMshgc2LT5addvvfCTGzIkRrvhbOFeylFSnSMfS/PdjvvvElZkakCwxO3/yJYBWyi1hi3tZloqOJQ5kqqJtH4g==",
            "license": "MIT",
            "peerDependencies": {
                "preact": "^8.0.0"
            },
            "peerDependenciesMeta": {
                "preact": {
                    "optional": true
                }
            }
        },
        "node_modules/govuk-frontend": {
            "version": "5.14.0",
            "resolved": "https://registry.npmjs.org/govuk-frontend/-/govuk-frontend-5.14.0.tgz",
            "integrity": "sha512-MgfaXswIM6KpXS2T5gltEnzgVLgfM3UoE9+rYkhBiR0suaJ8Let31VZXQZqz9QhiPDbv28fW1nRjIyLujfZIBA==",
            "license": "MIT",
            "engines": {
                "node": ">= 4.2.0"
            }
        },
        "node_modules/hmrc-frontend": {
            "version": "6.95.0",
            "resolved": "https://registry.npmjs.org/hmrc-frontend/-/hmrc-frontend-6.95.0.tgz",
            "integrity": "sha512-Oswn8u0EwEmF3SZssWTM7CG1FnhTH3IpV0UnfjMxSddLOKYkIuttK3mzMbAx68pY3047jg9AIgkmgDlwuTwuGg==",
            "hasInstallScript": true,
            "license": "Apache-2.0",
            "dependencies": {
                "accessible-autocomplete": "^3.0.1",
                "govuk-frontend": "^5.12.0"
            }
        }
    }
}
